{
  "requires": true,
  "lockfileVersion": 1,
  "dependencies": {
    "nodemailer": {
      "version": "6.4.17",
      "resolved": "https://registry.npmjs.org/nodemailer/-/nodemailer-6.4.17.tgz",
      "integrity": "sha512-89ps+SBGpo0D4Bi5ZrxcrCiRFaMmkCt+gItMXQGzEtZVR3uAD3QAQIDoxTWnx3ky0Dwwy/dhFrQ+6NNGXpw/qQ=="
    },
    "querystring": {
      "version": "0.2.0",
      "resolved": "https://registry.npmjs.org/querystring/-/querystring-0.2.0.tgz",
      "integrity": "sha1-sgmEkgO7Jd+CDadW50cAWHhSFiA="
    }
  }
}
